
Microsoft Visual Studio Solution File, Format Version 12.00
# Visual Studio 15
VisualStudioVersion = 15.0.28307.757
MinimumVisualStudioVersion = 10.0.40219.1
Project("{888888A0-9F3D-457C-B088-3A5042F75D52}") = "PythonApplication1", "PythonApplication1\PythonApplication1.pyproj", "{F4BDBCDE-1D4B-4784-AF53-B27CF49630CE}"
EndProject
Project("{E24C65DC-7377-472B-9ABA-BC803B73C61A}") = "Article", "Article\", "{4D59D2B2-EFEC-40D5-8C24-6F703AA9F348}"
	ProjectSection(WebsiteProperties) = preProject
		TargetFrameworkMoniker = ".NETFramework,Version%3Dv4.6.1"
		Debug.AspNetCompiler.VirtualPath = "/localhost_55891"
		Debug.AspNetCompiler.PhysicalPath = "Article\"
		Debug.AspNetCompiler.TargetPath = "PrecompiledWeb\localhost_55891\"
		Debug.AspNetCompiler.Updateable = "true"
		Debug.AspNetCompiler.ForceOverwrite = "true"
		Debug.AspNetCompiler.FixedNames = "false"
		Debug.AspNetCompiler.Debug = "True"
		Release.AspNetCompiler.VirtualPath = "/localhost_55891"
		Release.AspNetCompiler.PhysicalPath = "Article\"
		Release.AspNetCompiler.TargetPath = "PrecompiledWeb\localhost_55891\"
		Release.AspNetCompiler.Updateable = "true"
		Release.AspNetCompiler.ForceOverwrite = "true"
		Release.AspNetCompiler.FixedNames = "false"
		Release.AspNetCompiler.Debug = "False"
		VWDPort = "55891"
		DefaultWebSiteLanguage = "Visual C#"
	EndProjectSection
EndProject
Global
	GlobalSection(SolutionConfigurationPlatforms) = preSolution
		Debug|Any CPU = Debug|Any CPU
		Release|Any CPU = Release|Any CPU
	EndGlobalSection
	GlobalSection(ProjectConfigurationPlatforms) = postSolution
		{F4BDBCDE-1D4B-4784-AF53-B27CF49630CE}.Debug|Any CPU.ActiveCfg = Debug|Any CPU
		{F4BDBCDE-1D4B-4784-AF53-B27CF49630CE}.Release|Any CPU.ActiveCfg = Release|Any CPU
		{4D59D2B2-EFEC-40D5-8C24-6F703AA9F348}.Debug|Any CPU.ActiveCfg = Debug|Any CPU
		{4D59D2B2-EFEC-40D5-8C24-6F703AA9F348}.Debug|Any CPU.Build.0 = Debug|Any CPU
		{4D59D2B2-EFEC-40D5-8C24-6F703AA9F348}.Release|Any CPU.ActiveCfg = Debug|Any CPU
		{4D59D2B2-EFEC-40D5-8C24-6F703AA9F348}.Release|Any CPU.Build.0 = Debug|Any CPU
	EndGlobalSection
	GlobalSection(SolutionProperties) = preSolution
		HideSolutionNode = FALSE
	EndGlobalSection
	GlobalSection(ExtensibilityGlobals) = postSolution
		SolutionGuid = {026EE49C-C937-4DFE-9680-1D0D33441AAA}
	EndGlobalSection
EndGlobal
